// !$*UTF8*$!
{
	archiveVersion = 1;
	classes = {
	};
	objectVersion = 46;
	objects = {

/* Begin PBXBuildFile section */
		1AD7D3351AD810780051BB3E /* main.m in Sources */ = {isa = PBXBuildFile; fileRef = 1AD7D3341AD810780051BB3E /* main.m */; };
		1AD7D3411AD820950051BB3E /* Car.m in Sources */ = {isa = PBXBuildFile; fileRef = 1AD7D3401AD820950051BB3E /* Car.m */; };
		1AD7D3441AD837000051BB3E /* Challenge1.m in Sources */ = {isa = PBXBuildFile; fileRef = 1AD7D3431AD837000051BB3E /* Challenge1.m */; };
		1AD7D3471AD838380051BB3E /* MultiplicationTable.m in Sources */ = {isa = PBXBuildFile; fileRef = 1AD7D3461AD838380051BB3E /* MultiplicationTable.m */; };
/* End PBXBuildFile section */

/* Begin PBXCopyFilesBuildPhase section */
		1AD7D32F1AD810780051BB3E /* CopyFiles */ = {
			isa = PBXCopyFilesBuildPhase;
			buildActionMask = 2147483647;
			dstPath = /usr/share/man/man1/;
			dstSubfolderSpec = 0;
			files = (
			);
			runOnlyForDeploymentPostprocessing = 1;
		};
/* End PBXCopyFilesBuildPhase section */

/* Begin PBXFileReference section */
		1AD7D3311AD810780051BB3E /* Assignment6 */ = {isa = PBXFileReference; explicitFileType = "compiled.mach-o.executable"; includeInIndex = 0; path = Assignment6; sourceTree = BUILT_PRODUCTS_DIR; };
		1AD7D3341AD810780051BB3E /* main.m */ = {isa = PBXFileReference; lastKnownFileType = sourcecode.c.objc; path = main.m; sourceTree = "<group>"; };
		1AD7D33F1AD820950051BB3E /* Car.h */ = {isa = PBXFileReference; fileEncoding = 4; lastKnownFileType = sourcecode.c.h; path = Car.h; sourceTree = "<group>"; };
		1AD7D3401AD820950051BB3E /* Car.m */ = {isa = PBXFileReference; fileEncoding = 4; lastKnownFileType = sourcecode.c.objc; path = Car.m; sourceTree = "<group>"; };
		1AD7D3431AD837000051BB3E /* Challenge1.m */ = {isa = PBXFileReference; fileEncoding = 4; lastKnownFileType = sourcecode.c.objc; path = Challenge1.m; sourceTree = "<group>"; };
		1AD7D3451AD838380051BB3E /* MultiplicationTable.h */ = {isa = PBXFileReference; fileEncoding = 4; lastKnownFileType = sourcecode.c.h; path = MultiplicationTable.h; sourceTree = "<group>"; };
		1AD7D3461AD838380051BB3E /* MultiplicationTable.m */ = {isa = PBXFileReference; fileEncoding = 4; lastKnownFileType = sourcecode.c.objc; path = MultiplicationTable.m; sourceTree = "<group>"; };
/* End PBXFileReference section */

/* Begin PBXFrameworksBuildPhase section */
		1AD7D32E1AD810780051BB3E /* Frameworks */ = {
			isa = PBXFrameworksBuildPhase;
			buildActionMask = 2147483647;
			files = (
			);
			runOnlyForDeploymentPostprocessing = 0;
		};
/* End PBXFrameworksBuildPhase section */

/* Begin PBXGroup section */
		1AD7D3281AD810780051BB3E = {
			isa = PBXGroup;
			children = (
				1AD7D3421AD836EE0051BB3E /* Challenges */,
				1AD7D33B1AD810D90051BB3E /* Model */,
				1AD7D3331AD810780051BB3E /* Assignment6 */,
				1AD7D3321AD810780051BB3E /* Products */,
			);
			sourceTree = "<group>";
		};
		1AD7D3321AD810780051BB3E /* Products */ = {
			isa = PBXGroup;
			children = (
				1AD7D3311AD810780051BB3E /* Assignment6 */,
			);
			name = Products;
			sourceTree = "<group>";
		};
		1AD7D3331AD810780051BB3E /* Assignment6 */ = {
			isa = PBXGroup;
			children = (
				1AD7D3341AD810780051BB3E /* main.m */,
			);
			path = Assignment6;
			sourceTree = "<group>";
		};
		1AD7D33B1AD810D90051BB3E /* Model */ = {
			isa = PBXGroup;
			children = (
				1AD7D33F1AD820950051BB3E /* Car.h */,
				1AD7D3401AD820950051BB3E /* Car.m */,
				1AD7D3451AD838380051BB3E /* MultiplicationTable.h */,
				1AD7D3461AD838380051BB3E /* MultiplicationTable.m */,
			);
			name = Model;
			sourceTree = "<group>";
		};
		1AD7D3421AD836EE0051BB3E /* Challenges */ = {
			isa = PBXGroup;
			children = (
				1AD7D3431AD837000051BB3E /* Challenge1.m */,
			);
			name = Challenges;
			sourceTree = "<group>";
		};
/* End PBXGroup section */

/* Begin PBXNativeTarget section */
		1AD7D3301AD810780051BB3E /* Assignment6 */ = {
			isa = PBXNativeTarget;
			buildConfigurationList = 1AD7D3381AD810780051BB3E /* Build configuration list for PBXNativeTarget "Assignment6" */;
			buildPhases = (
				1AD7D32D1AD810780051BB3E /* Sources */,
				1AD7D32E1AD810780051BB3E /* Frameworks */,
				1AD7D32F1AD810780051BB3E /* CopyFiles */,
			);
			buildRules = (
			);
			dependencies = (
			);
			name = Assignment6;
			productName = Assignment6;
			productReference = 1AD7D3311AD810780051BB3E /* Assignment6 */;
			productType = "com.apple.product-type.tool";
		};
/* End PBXNativeTarget section */

/* Begin PBXProject section */
		1AD7D3291AD810780051BB3E /* Project object */ = {
			isa = PBXProject;
			attributes = {
				LastUpgradeCheck = 0630;
				ORGANIZATIONNAME = "Yung Dai";
				TargetAttributes = {
					1AD7D3301AD810780051BB3E = {
						CreatedOnToolsVersion = 6.3;
					};
				};
			};
			buildConfigurationList = 1AD7D32C1AD810780051BB3E /* Build configuration list for PBXProject "Assignment6" */;
			compatibilityVersion = "Xcode 3.2";
			developmentRegion = English;
			hasScannedForEncodings = 0;
			knownRegions = (
				en,
			);
			mainGroup = 1AD7D3281AD810780051BB3E;
			productRefGroup = 1AD7D3321AD810780051BB3E /* Products */;
			projectDirPath = "";
			projectRoot = "";
			targets = (
				1AD7D3301AD810780051BB3E /* Assignment6 */,
			);
		};
/* End PBXProject section */

/* Begin PBXSourcesBuildPhase section */
		1AD7D32D1AD810780051BB3E /* Sources */ = {
			isa = PBXSourcesBuildPhase;
			buildActionMask = 2147483647;
			files = (
				1AD7D3411AD820950051BB3E /* Car.m in Sources */,
				1AD7D3441AD837000051BB3E /* Challenge1.m in Sources */,
				1AD7D3471AD838380051BB3E /* MultiplicationTable.m in Sources */,
				1AD7D3351AD810780051BB3E /* main.m in Sources */,
			);
			runOnlyForDeploymentPostprocessing = 0;
		};
/* End PBXSourcesBuildPhase section */

/* Begin XCBuildConfiguration section */
		1AD7D3361AD810780051BB3E /* Debug */ = {
			isa = XCBuildConfiguration;
			buildSettings = {
				ALWAYS_SEARCH_USER_PATHS = NO;
				CLANG_CXX_LANGUAGE_STANDARD = "gnu++0x";
				CLANG_CXX_LIBRARY = "libc++";
				CLANG_ENABLE_MODULES = YES;
				CLANG_ENABLE_OBJC_ARC = YES;
				CLANG_WARN_BOOL_CONVERSION = YES;
				CLANG_WARN_CONSTANT_CONVERSION = YES;
				CLANG_WARN_DIRECT_OBJC_ISA_USAGE = YES_ERROR;
				CLANG_WARN_EMPTY_BODY = YES;
				CLANG_WARN_ENUM_CONVERSION = YES;
				CLANG_WARN_INT_CONVERSION = YES;
				CLANG_WARN_OBJC_ROOT_CLASS = YES_ERROR;
				CLANG_WARN_UNREACHABLE_CODE = YES;
				CLANG_WARN__DUPLICATE_METHOD_MATCH = YES;
				COPY_PHASE_STRIP = NO;
				DEBUG_INFORMATION_FORMAT = dwarf;
				ENABLE_STRICT_OBJC_MSGSEND = YES;
				GCC_C_LANGUAGE_STANDARD = gnu99;
				GCC_DYNAMIC_NO_PIC = NO;
				GCC_NO_COMMON_BLOCKS = YES;
				GCC_OPTIMIZATION_LEVEL = 0;
				GCC_PREPROCESSOR_DEFINITIONS = (
					"DEBUG=1",
					"$(inherited)",
				);
				GCC_SYMBOLS_PRIVATE_EXTERN = NO;
				GCC_WARN_64_TO_32_BIT_CONVERSION = YES;
				GCC_WARN_ABOUT_RETURN_TYPE = YES_ERROR;
				GCC_WARN_UNDECLARED_SELECTOR = YES;
				GCC_WARN_UNINITIALIZED_AUTOS = YES_AGGRESSIVE;
				GCC_WARN_UNUSED_FUNCTION = YES;
				GCC_WARN_UNUSED_VARIABLE = YES;
				MACOSX_DEPLOYMENT_TARGET = 10.10;
				MTL_ENABLE_DEBUG_INFO = YES;
				ONLY_ACTIVE_ARCH = YES;
				SDKROOT = macosx;
			};
			name = Debug;
		};
		1AD7D3371AD810780051BB3E /* Release */ = {
			isa = XCBuildConfiguration;
			buildSettings = {
				ALWAYS_SEARCH_USER_PATHS = NO;
				CLANG_CXX_LANGUAGE_STANDARD = "gnu++0x";
				CLANG_CXX_LIBRARY = "libc++";
				CLANG_ENABLE_MODULES = YES;
				CLANG_ENABLE_OBJC_ARC = YES;
				CLANG_WARN_BOOL_CONVERSION = YES;
				CLANG_WARN_CONSTANT_CONVERSION = YES;
				CLANG_WARN_DIRECT_OBJC_ISA_USAGE = YES_ERROR;
				CLANG_WARN_EMPTY_BODY = YES;
				CLANG_WARN_ENUM_CONVERSION = YES;
				CLANG_WARN_INT_CONVERSION = YES;
				CLANG_WARN_OBJC_ROOT_CLASS = YES_ERROR;
				CLANG_WARN_UNREACHABLE_CODE = YES;
				CLANG_WARN__DUPLICATE_METHOD_MATCH = YES;
				COPY_PHASE_STRIP = NO;
				DEBUG_INFORMATION_FORMAT = "dwarf-with-dsym";
				ENABLE_NS_ASSERTIONS = NO;
				ENABLE_STRICT_OBJC_MSGSEND = YES;
				GCC_C_LANGUAGE_STANDARD = gnu99;
				GCC_NO_COMMON_BLOCKS = YES;
				GCC_WARN_64_TO_32_BIT_CONVERSION = YES;
				GCC_WARN_ABOUT_RETURN_TYPE = YES_ERROR;
				GCC_WARN_UNDECLARED_SELECTOR = YES;
				GCC_WARN_UNINITIALIZED_AUTOS = YES_AGGRESSIVE;
				GCC_WARN_UNUSED_FUNCTION = YES;
				GCC_WARN_UNUSED_VARIABLE = YES;
				MACOSX_DEPLOYMENT_TARGET = 10.10;
				MTL_ENABLE_DEBUG_INFO = NO;
				SDKROOT = macosx;
			};
			name = Release;
		};
		1AD7D3391AD810780051BB3E /* Debug */ = {
			isa = XCBuildConfiguration;
			buildSettings = {
				PRODUCT_NAME = "$(TARGET_NAME)";
			};
			name = Debug;
		};
		1AD7D33A1AD810780051BB3E /* Release */ = {
			isa = XCBuildConfiguration;
			buildSettings = {
				PRODUCT_NAME = "$(TARGET_NAME)";
			};
			name = Release;
		};
/* End XCBuildConfiguration section */

/* Begin XCConfigurationList section */
		1AD7D32C1AD810780051BB3E /* Build configuration list for PBXProject "Assignment6" */ = {
			isa = XCConfigurationList;
			buildConfigurations = (
				1AD7D3361AD810780051BB3E /* Debug */,
				1AD7D3371AD810780051BB3E /* Release */,
			);
			defaultConfigurationIsVisible = 0;
			defaultConfigurationName = Release;
		};
		1AD7D3381AD810780051BB3E /* Build configuration list for PBXNativeTarget "Assignment6" */ = {
			isa = XCConfigurationList;
			buildConfigurations = (
				1AD7D3391AD810780051BB3E /* Debug */,
				1AD7D33A1AD810780051BB3E /* Release */,
			);
			defaultConfigurationIsVisible = 0;
		};
/* End XCConfigurationList section */
	};
	rootObject = 1AD7D3291AD810780051BB3E /* Project object */;
}
